version = 1
revision = 3
requires-python = ">=3.13"

[[package]]
name = "osmxml"
version = "0.3.4"
source = { registry = "https://pypi.org/simple" }
sdist = { url = "https://files.pythonhosted.org/packages/d6/1a/d82358f1760b3efa1233904f30d55fff517971c0da4f10187c6512b0d328/osmxml-0.3.4.tar.gz", hash = "sha256:44b630111489fd7a6cd099b0b89128b3ae744eb67e521a4279d5549506bca105", size = 5372, upload-time = "2025-08-27T22:17:04.541Z" }
wheels = [
    { url = "https://files.pythonhosted.org/packages/a1/b3/9c129e4f17cd4479053006138d38466c7bd6a7651c6451bb6194b45d47cc/osmxml-0.3.4-py3-none-any.whl", hash = "sha256:2552ada45735ec2b02f8fc95d409189b5719b7c32a71b8c1f039654ad12c7f91", size = 4834, upload-time = "2025-08-27T22:17:03.235Z" },
]

[[package]]
name = "osmxmpp"
version = "0.1.0"
source = { virtual = "." }
dependencies = [
    { name = "osmxml" },
]

[package.metadata]
requires-dist = [{ name = "osmxml", specifier = "==0.3.4" }]
